// !$*UTF8*$!
{
	archiveVersion = 1;
	classes = {
	};
	objectVersion = 48;
	objects = {

/* Begin PBXBuildFile section */
		50F57B991FAE147D00329E12 /* AppDelegate.swift in Sources */ = {isa = PBXBuildFile; fileRef = 50F57B981FAE147D00329E12 /* AppDelegate.swift */; };
		50F57B9B1FAE147D00329E12 /* ViewController.swift in Sources */ = {isa = PBXBuildFile; fileRef = 50F57B9A1FAE147D00329E12 /* ViewController.swift */; };
		50F57B9E1FAE147D00329E12 /* Main.storyboard in Resources */ = {isa = PBXBuildFile; fileRef = 50F57B9C1FAE147D00329E12 /* Main.storyboard */; };
		50F57BA01FAE147D00329E12 /* Assets.xcassets in Resources */ = {isa = PBXBuildFile; fileRef = 50F57B9F1FAE147D00329E12 /* Assets.xcassets */; };
		50F57BA31FAE147D00329E12 /* LaunchScreen.storyboard in Resources */ = {isa = PBXBuildFile; fileRef = 50F57BA11FAE147D00329E12 /* LaunchScreen.storyboard */; };
		50F57BAE1FAE147D00329E12 /* BitcoinTests.swift in Sources */ = {isa = PBXBuildFile; fileRef = 50F57BAD1FAE147D00329E12 /* BitcoinTests.swift */; };
		50F57BB91FAE147D00329E12 /* BitcoinUITests.swift in Sources */ = {isa = PBXBuildFile; fileRef = 50F57BB81FAE147D00329E12 /* BitcoinUITests.swift */; };
/* End PBXBuildFile section */

/* Begin PBXContainerItemProxy section */
		50F57BAA1FAE147D00329E12 /* PBXContainerItemProxy */ = {
			isa = PBXContainerItemProxy;
			containerPortal = 50F57B8D1FAE147D00329E12 /* Project object */;
			proxyType = 1;
			remoteGlobalIDString = 50F57B941FAE147D00329E12;
			remoteInfo = Bitcoin;
		};
		50F57BB51FAE147D00329E12 /* PBXContainerItemProxy */ = {
			isa = PBXContainerItemProxy;
			containerPortal = 50F57B8D1FAE147D00329E12 /* Project object */;
			proxyType = 1;
			remoteGlobalIDString = 50F57B941FAE147D00329E12;
			remoteInfo = Bitcoin;
		};
/* End PBXContainerItemProxy section */

/* Begin PBXFileReference section */
		50F57B951FAE147D00329E12 /* Bitcoin.app */ = {isa = PBXFileReference; explicitFileType = wrapper.application; includeInIndex = 0; path = Bitcoin.app; sourceTree = BUILT_PRODUCTS_DIR; };
		50F57B981FAE147D00329E12 /* AppDelegate.swift */ = {isa = PBXFileReference; lastKnownFileType = sourcecode.swift; path = AppDelegate.swift; sourceTree = "<group>"; };
		50F57B9A1FAE147D00329E12 /* ViewController.swift */ = {isa = PBXFileReference; lastKnownFileType = sourcecode.swift; path = ViewController.swift; sourceTree = "<group>"; };
		50F57B9D1FAE147D00329E12 /* Base */ = {isa = PBXFileReference; lastKnownFileType = file.storyboard; name = Base; path = Base.lproj/Main.storyboard; sourceTree = "<group>"; };
		50F57B9F1FAE147D00329E12 /* Assets.xcassets */ = {isa = PBXFileReference; lastKnownFileType = folder.assetcatalog; path = Assets.xcassets; sourceTree = "<group>"; };
		50F57BA21FAE147D00329E12 /* Base */ = {isa = PBXFileReference; lastKnownFileType = file.storyboard; name = Base; path = Base.lproj/LaunchScreen.storyboard; sourceTree = "<group>"; };
		50F57BA41FAE147D00329E12 /* Info.plist */ = {isa = PBXFileReference; lastKnownFileType = text.plist.xml; path = Info.plist; sourceTree = "<group>"; };
		50F57BA91FAE147D00329E12 /* BitcoinTests.xctest */ = {isa = PBXFileReference; explicitFileType = wrapper.cfbundle; includeInIndex = 0; path = BitcoinTests.xctest; sourceTree = BUILT_PRODUCTS_DIR; };
		50F57BAD1FAE147D00329E12 /* BitcoinTests.swift */ = {isa = PBXFileReference; lastKnownFileType = sourcecode.swift; path = BitcoinTests.swift; sourceTree = "<group>"; };
		50F57BAF1FAE147D00329E12 /* Info.plist */ = {isa = PBXFileReference; lastKnownFileType = text.plist.xml; path = Info.plist; sourceTree = "<group>"; };
		50F57BB41FAE147D00329E12 /* BitcoinUITests.xctest */ = {isa = PBXFileReference; explicitFileType = wrapper.cfbundle; includeInIndex = 0; path = BitcoinUITests.xctest; sourceTree = BUILT_PRODUCTS_DIR; };
		50F57BB81FAE147D00329E12 /* BitcoinUITests.swift */ = {isa = PBXFileReference; lastKnownFileType = sourcecode.swift; path = BitcoinUITests.swift; sourceTree = "<group>"; };
		50F57BBA1FAE147D00329E12 /* Info.plist */ = {isa = PBXFileReference; lastKnownFileType = text.plist.xml; path = Info.plist; sourceTree = "<group>"; };
/* End PBXFileReference section */

/* Begin PBXFrameworksBuildPhase section */
		50F57B921FAE147D00329E12 /* Frameworks */ = {
			isa = PBXFrameworksBuildPhase;
			buildActionMask = 2147483647;
			files = (
			);
			runOnlyForDeploymentPostprocessing = 0;
		};
		50F57BA61FAE147D00329E12 /* Frameworks */ = {
			isa = PBXFrameworksBuildPhase;
			buildActionMask = 2147483647;
			files = (
			);
			runOnlyForDeploymentPostprocessing = 0;
		};
		50F57BB11FAE147D00329E12 /* Frameworks */ = {
			isa = PBXFrameworksBuildPhase;
			buildActionMask = 2147483647;
			files = (
			);
			runOnlyForDeploymentPostprocessing = 0;
		};
/* End PBXFrameworksBuildPhase section */

/* Begin PBXGroup section */
		50F57B8C1FAE147D00329E12 = {
			isa = PBXGroup;
			children = (
				50F57B971FAE147D00329E12 /* Bitcoin */,
				50F57BAC1FAE147D00329E12 /* BitcoinTests */,
				50F57BB71FAE147D00329E12 /* BitcoinUITests */,
				50F57B961FAE147D00329E12 /* Products */,
			);
			sourceTree = "<group>";
		};
		50F57B961FAE147D00329E12 /* Products */ = {
			isa = PBXGroup;
			children = (
				50F57B951FAE147D00329E12 /* Bitcoin.app */,
				50F57BA91FAE147D00329E12 /* BitcoinTests.xctest */,
				50F57BB41FAE147D00329E12 /* BitcoinUITests.xctest */,
			);
			name = Products;
			sourceTree = "<group>";
		};
		50F57B971FAE147D00329E12 /* Bitcoin */ = {
			isa = PBXGroup;
			children = (
				50F57B981FAE147D00329E12 /* AppDelegate.swift */,
				50F57B9A1FAE147D00329E12 /* ViewController.swift */,
				50F57B9C1FAE147D00329E12 /* Main.storyboard */,
				50F57B9F1FAE147D00329E12 /* Assets.xcassets */,
				50F57BA11FAE147D00329E12 /* LaunchScreen.storyboard */,
				50F57BA41FAE147D00329E12 /* Info.plist */,
			);
			path = Bitcoin;
			sourceTree = "<group>";
		};
		50F57BAC1FAE147D00329E12 /* BitcoinTests */ = {
			isa = PBXGroup;
			children = (
				50F57BAD1FAE147D00329E12 /* BitcoinTests.swift */,
				50F57BAF1FAE147D00329E12 /* Info.plist */,
			);
			path = BitcoinTests;
			sourceTree = "<group>";
		};
		50F57BB71FAE147D00329E12 /* BitcoinUITests */ = {
			isa = PBXGroup;
			children = (
				50F57BB81FAE147D00329E12 /* BitcoinUITests.swift */,
				50F57BBA1FAE147D00329E12 /* Info.plist */,
			);
			path = BitcoinUITests;
			sourceTree = "<group>";
		};
/* End PBXGroup section */

/* Begin PBXNativeTarget section */
		50F57B941FAE147D00329E12 /* Bitcoin */ = {
			isa = PBXNativeTarget;
			buildConfigurationList = 50F57BBD1FAE147D00329E12 /* Build configuration list for PBXNativeTarget "Bitcoin" */;
			buildPhases = (
				50F57B911FAE147D00329E12 /* Sources */,
				50F57B921FAE147D00329E12 /* Frameworks */,
				50F57B931FAE147D00329E12 /* Resources */,
			);
			buildRules = (
			);
			dependencies = (
			);
			name = Bitcoin;
			productName = Bitcoin;
			productReference = 50F57B951FAE147D00329E12 /* Bitcoin.app */;
			productType = "com.apple.product-type.application";
		};
		50F57BA81FAE147D00329E12 /* BitcoinTests */ = {
			isa = PBXNativeTarget;
			buildConfigurationList = 50F57BC01FAE147D00329E12 /* Build configuration list for PBXNativeTarget "BitcoinTests" */;
			buildPhases = (
				50F57BA51FAE147D00329E12 /* Sources */,
				50F57BA61FAE147D00329E12 /* Frameworks */,
				50F57BA71FAE147D00329E12 /* Resources */,
			);
			buildRules = (
			);
			dependencies = (
				50F57BAB1FAE147D00329E12 /* PBXTargetDependency */,
			);
			name = BitcoinTests;
			productName = BitcoinTests;
			productReference = 50F57BA91FAE147D00329E12 /* BitcoinTests.xctest */;
			productType = "com.apple.product-type.bundle.unit-test";
		};
		50F57BB31FAE147D00329E12 /* BitcoinUITests */ = {
			isa = PBXNativeTarget;
			buildConfigurationList = 50F57BC31FAE147D00329E12 /* Build configuration list for PBXNativeTarget "BitcoinUITests" */;
			buildPhases = (
				50F57BB01FAE147D00329E12 /* Sources */,
				50F57BB11FAE147D00329E12 /* Frameworks */,
				50F57BB21FAE147D00329E12 /* Resources */,
			);
			buildRules = (
			);
			dependencies = (
				50F57BB61FAE147D00329E12 /* PBXTargetDependency */,
			);
			name = BitcoinUITests;
			productName = BitcoinUITests;
			productReference = 50F57BB41FAE147D00329E12 /* BitcoinUITests.xctest */;
			productType = "com.apple.product-type.bundle.ui-testing";
		};
/* End PBXNativeTarget section */

/* Begin PBXProject section */
		50F57B8D1FAE147D00329E12 /* Project object */ = {
			isa = PBXProject;
			attributes = {
				LastSwiftUpdateCheck = 0900;
				LastUpgradeCheck = 0900;
				ORGANIZATIONNAME = "Maximilian A. Giraldo";
				TargetAttributes = {
					50F57B941FAE147D00329E12 = {
						CreatedOnToolsVersion = 9.0.1;
						ProvisioningStyle = Automatic;
					};
					50F57BA81FAE147D00329E12 = {
						CreatedOnToolsVersion = 9.0.1;
						ProvisioningStyle = Automatic;
						TestTargetID = 50F57B941FAE147D00329E12;
					};
					50F57BB31FAE147D00329E12 = {
						CreatedOnToolsVersion = 9.0.1;
						ProvisioningStyle = Automatic;
						TestTargetID = 50F57B941FAE147D00329E12;
					};
				};
			};
			buildConfigurationList = 50F57B901FAE147D00329E12 /* Build configuration list for PBXProject "Bitcoin" */;
			compatibilityVersion = "Xcode 8.0";
			developmentRegion = en;
			hasScannedForEncodings = 0;
			knownRegions = (
				en,
				Base,
			);
			mainGroup = 50F57B8C1FAE147D00329E12;
			productRefGroup = 50F57B961FAE147D00329E12 /* Products */;
			projectDirPath = "";
			projectRoot = "";
			targets = (
				50F57B941FAE147D00329E12 /* Bitcoin */,
				50F57BA81FAE147D00329E12 /* BitcoinTests */,
				50F57BB31FAE147D00329E12 /* BitcoinUITests */,
			);
		};
/* End PBXProject section */

/* Begin PBXResourcesBuildPhase section */
		50F57B931FAE147D00329E12 /* Resources */ = {
			isa = PBXResourcesBuildPhase;
			buildActionMask = 2147483647;
			files = (
				50F57BA31FAE147D00329E12 /* LaunchScreen.storyboard in Resources */,
				50F57BA01FAE147D00329E12 /* Assets.xcassets in Resources */,
				50F57B9E1FAE147D00329E12 /* Main.storyboard in Resources */,
			);
			runOnlyForDeploymentPostprocessing = 0;
		};
		50F57BA71FAE147D00329E12 /* Resources */ = {
			isa = PBXResourcesBuildPhase;
			buildActionMask = 2147483647;
			files = (
			);
			runOnlyForDeploymentPostprocessing = 0;
		};
		50F57BB21FAE147D00329E12 /* Resources */ = {
			isa = PBXResourcesBuildPhase;
			buildActionMask = 2147483647;
			files = (
			);
			runOnlyForDeploymentPostprocessing = 0;
		};
/* End PBXResourcesBuildPhase section */

/* Begin PBXSourcesBuildPhase section */
		50F57B911FAE147D00329E12 /* Sources */ = {
			isa = PBXSourcesBuildPhase;
			buildActionMask = 2147483647;
			files = (
				50F57B9B1FAE147D00329E12 /* ViewController.swift in Sources */,
				50F57B991FAE147D00329E12 /* AppDelegate.swift in Sources */,
			);
			runOnlyForDeploymentPostprocessing = 0;
		};
		50F57BA51FAE147D00329E12 /* Sources */ = {
			isa = PBXSourcesBuildPhase;
			buildActionMask = 2147483647;
			files = (
				50F57BAE1FAE147D00329E12 /* BitcoinTests.swift in Sources */,
			);
			runOnlyForDeploymentPostprocessing = 0;
		};
		50F57BB01FAE147D00329E12 /* Sources */ = {
			isa = PBXSourcesBuildPhase;
			buildActionMask = 2147483647;
			files = (
				50F57BB91FAE147D00329E12 /* BitcoinUITests.swift in Sources */,
			);
			runOnlyForDeploymentPostprocessing = 0;
		};
/* End PBXSourcesBuildPhase section */

/* Begin PBXTargetDependency section */
		50F57BAB1FAE147D00329E12 /* PBXTargetDependency */ = {
			isa = PBXTargetDependency;
			target = 50F57B941FAE147D00329E12 /* Bitcoin */;
			targetProxy = 50F57BAA1FAE147D00329E12 /* PBXContainerItemProxy */;
		};
		50F57BB61FAE147D00329E12 /* PBXTargetDependency */ = {
			isa = PBXTargetDependency;
			target = 50F57B941FAE147D00329E12 /* Bitcoin */;
			targetProxy = 50F57BB51FAE147D00329E12 /* PBXContainerItemProxy */;
		};
/* End PBXTargetDependency section */

/* Begin PBXVariantGroup section */
		50F57B9C1FAE147D00329E12 /* Main.storyboard */ = {
			isa = PBXVariantGroup;
			children = (
				50F57B9D1FAE147D00329E12 /* Base */,
			);
			name = Main.storyboard;
			sourceTree = "<group>";
		};
		50F57BA11FAE147D00329E12 /* LaunchScreen.storyboard */ = {
			isa = PBXVariantGroup;
			children = (
				50F57BA21FAE147D00329E12 /* Base */,
			);
			name = LaunchScreen.storyboard;
			sourceTree = "<group>";
		};
/* End PBXVariantGroup section */

/* Begin XCBuildConfiguration section */
		50F57BBB1FAE147D00329E12 /* Debug */ = {
			isa = XCBuildConfiguration;
			buildSettings = {
				ALWAYS_SEARCH_USER_PATHS = NO;
				CLANG_ANALYZER_NONNULL = YES;
				CLANG_ANALYZER_NUMBER_OBJECT_CONVERSION = YES_AGGRESSIVE;
				CLANG_CXX_LANGUAGE_STANDARD = "gnu++14";
				CLANG_CXX_LIBRARY = "libc++";
				CLANG_ENABLE_MODULES = YES;
				CLANG_ENABLE_OBJC_ARC = YES;
				CLANG_WARN_BLOCK_CAPTURE_AUTORELEASING = YES;
				CLANG_WARN_BOOL_CONVERSION = YES;
				CLANG_WARN_COMMA = YES;
				CLANG_WARN_CONSTANT_CONVERSION = YES;
				CLANG_WARN_DIRECT_OBJC_ISA_USAGE = YES_ERROR;
				CLANG_WARN_DOCUMENTATION_COMMENTS = YES;
				CLANG_WARN_EMPTY_BODY = YES;
				CLANG_WARN_ENUM_CONVERSION = YES;
				CLANG_WARN_INFINITE_RECURSION = YES;
				CLANG_WARN_INT_CONVERSION = YES;
				CLANG_WARN_NON_LITERAL_NULL_CONVERSION = YES;
				CLANG_WARN_OBJC_LITERAL_CONVERSION = YES;
				CLANG_WARN_OBJC_ROOT_CLASS = YES_ERROR;
				CLANG_WARN_RANGE_LOOP_ANALYSIS = YES;
				CLANG_WARN_STRICT_PROTOTYPES = YES;
				CLANG_WARN_SUSPICIOUS_MOVE = YES;
				CLANG_WARN_UNGUARDED_AVAILABILITY = YES_AGGRESSIVE;
				CLANG_WARN_UNREACHABLE_CODE = YES;
				CLANG_WARN__DUPLICATE_METHOD_MATCH = YES;
				CODE_SIGN_IDENTITY = "iPhone Developer";
				COPY_PHASE_STRIP = NO;
				DEBUG_INFORMATION_FORMAT = dwarf;
				ENABLE_STRICT_OBJC_MSGSEND = YES;
				ENABLE_TESTABILITY = YES;
				GCC_C_LANGUAGE_STANDARD = gnu11;
				GCC_DYNAMIC_NO_PIC = NO;
				GCC_NO_COMMON_BLOCKS = YES;
				GCC_OPTIMIZATION_LEVEL = 0;
				GCC_PREPROCESSOR_DEFINITIONS = (
					"DEBUG=1",
					"$(inherited)",
				);
				GCC_WARN_64_TO_32_BIT_CONVERSION = YES;
				GCC_WARN_ABOUT_RETURN_TYPE = YES_ERROR;
				GCC_WARN_UNDECLARED_SELECTOR = YES;
				GCC_WARN_UNINITIALIZED_AUTOS = YES_AGGRESSIVE;
				GCC_WARN_UNUSED_FUNCTION = YES;
				GCC_WARN_UNUSED_VARIABLE = YES;
				IPHONEOS_DEPLOYMENT_TARGET = 11.0;
				MTL_ENABLE_DEBUG_INFO = YES;
				ONLY_ACTIVE_ARCH = YES;
				SDKROOT = iphoneos;
				SWIFT_ACTIVE_COMPILATION_CONDITIONS = DEBUG;
				SWIFT_OPTIMIZATION_LEVEL = "-Onone";
			};
			name = Debug;
		};
		50F57BBC1FAE147D00329E12 /* Release */ = {
			isa = XCBuildConfiguration;
			buildSettings = {
				ALWAYS_SEARCH_USER_PATHS = NO;
				CLANG_ANALYZER_NONNULL = YES;
				CLANG_ANALYZER_NUMBER_OBJECT_CONVERSION = YES_AGGRESSIVE;
				CLANG_CXX_LANGUAGE_STANDARD = "gnu++14";
				CLANG_CXX_LIBRARY = "libc++";
				CLANG_ENABLE_MODULES = YES;
				CLANG_ENABLE_OBJC_ARC = YES;
				CLANG_WARN_BLOCK_CAPTURE_AUTORELEASING = YES;
				CLANG_WARN_BOOL_CONVERSION = YES;
				CLANG_WARN_COMMA = YES;
				CLANG_WARN_CONSTANT_CONVERSION = YES;
				CLANG_WARN_DIRECT_OBJC_ISA_USAGE = YES_ERROR;
				CLANG_WARN_DOCUMENTATION_COMMENTS = YES;
				CLANG_WARN_EMPTY_BODY = YES;
				CLANG_WARN_ENUM_CONVERSION = YES;
				CLANG_WARN_INFINITE_RECURSION = YES;
				CLANG_WARN_INT_CONVERSION = YES;
				CLANG_WARN_NON_LITERAL_NULL_CONVERSION = YES;
				CLANG_WARN_OBJC_LITERAL_CONVERSION = YES;
				CLANG_WARN_OBJC_ROOT_CLASS = YES_ERROR;
				CLANG_WARN_RANGE_LOOP_ANALYSIS = YES;
				CLANG_WARN_STRICT_PROTOTYPES = YES;
				CLANG_WARN_SUSPICIOUS_MOVE = YES;
				CLANG_WARN_UNGUARDED_AVAILABILITY = YES_AGGRESSIVE;
				CLANG_WARN_UNREACHABLE_CODE = YES;
				CLANG_WARN__DUPLICATE_METHOD_MATCH = YES;
				CODE_SIGN_IDENTITY = "iPhone Developer";
				COPY_PHASE_STRIP = NO;
				DEBUG_INFORMATION_FORMAT = "dwarf-with-dsym";
				ENABLE_NS_ASSERTIONS = NO;
				ENABLE_STRICT_OBJC_MSGSEND = YES;
				GCC_C_LANGUAGE_STANDARD = gnu11;
				GCC_NO_COMMON_BLOCKS = YES;
				GCC_WARN_64_TO_32_BIT_CONVERSION = YES;
				GCC_WARN_ABOUT_RETURN_TYPE = YES_ERROR;
				GCC_WARN_UNDECLARED_SELECTOR = YES;
				GCC_WARN_UNINITIALIZED_AUTOS = YES_AGGRESSIVE;
				GCC_WARN_UNUSED_FUNCTION = YES;
				GCC_WARN_UNUSED_VARIABLE = YES;
				IPHONEOS_DEPLOYMENT_TARGET = 11.0;
				MTL_ENABLE_DEBUG_INFO = NO;
				SDKROOT = iphoneos;
				SWIFT_OPTIMIZATION_LEVEL = "-Owholemodule";
				VALIDATE_PRODUCT = YES;
			};
			name = Release;
		};
		50F57BBE1FAE147D00329E12 /* Debug */ = {
			isa = XCBuildConfiguration;
			buildSettings = {
				ASSETCATALOG_COMPILER_APPICON_NAME = AppIcon;
				CODE_SIGN_STYLE = Automatic;
				DEVELOPMENT_TEAM = 4BD8F9W927;
				INFOPLIST_FILE = Bitcoin/Info.plist;
				LD_RUNPATH_SEARCH_PATHS = "$(inherited) @executable_path/Frameworks";
				PRODUCT_BUNDLE_IDENTIFIER = com.maxgiraldo.Bitcoin;
				PRODUCT_NAME = "$(TARGET_NAME)";
				SWIFT_VERSION = 4.0;
				TARGETED_DEVICE_FAMILY = "1,2";
			};
			name = Debug;
		};
		50F57BBF1FAE147D00329E12 /* Release */ = {
			isa = XCBuildConfiguration;
			buildSettings = {
				ASSETCATALOG_COMPILER_APPICON_NAME = AppIcon;
				CODE_SIGN_STYLE = Automatic;
				DEVELOPMENT_TEAM = 4BD8F9W927;
				INFOPLIST_FILE = Bitcoin/Info.plist;
				LD_RUNPATH_SEARCH_PATHS = "$(inherited) @executable_path/Frameworks";
				PRODUCT_BUNDLE_IDENTIFIER = com.maxgiraldo.Bitcoin;
				PRODUCT_NAME = "$(TARGET_NAME)";
				SWIFT_VERSION = 4.0;
				TARGETED_DEVICE_FAMILY = "1,2";
			};
			name = Release;
		};
		50F57BC11FAE147D00329E12 /* Debug */ = {
			isa = XCBuildConfiguration;
			buildSettings = {
				ALWAYS_EMBED_SWIFT_STANDARD_LIBRARIES = YES;
				BUNDLE_LOADER = "$(TEST_HOST)";
				CODE_SIGN_STYLE = Automatic;
				DEVELOPMENT_TEAM = 4BD8F9W927;
				INFOPLIST_FILE = BitcoinTests/Info.plist;
				LD_RUNPATH_SEARCH_PATHS = "$(inherited) @executable_path/Frameworks @loader_path/Frameworks";
				PRODUCT_BUNDLE_IDENTIFIER = com.maxgiraldo.BitcoinTests;
				PRODUCT_NAME = "$(TARGET_NAME)";
				SWIFT_VERSION = 4.0;
				TARGETED_DEVICE_FAMILY = "1,2";
				TEST_HOST = "$(BUILT_PRODUCTS_DIR)/Bitcoin.app/Bitcoin";
			};
			name = Debug;
		};
		50F57BC21FAE147D00329E12 /* Release */ = {
			isa = XCBuildConfiguration;
			buildSettings = {
				ALWAYS_EMBED_SWIFT_STANDARD_LIBRARIES = YES;
				BUNDLE_LOADER = "$(TEST_HOST)";
				CODE_SIGN_STYLE = Automatic;
				DEVELOPMENT_TEAM = 4BD8F9W927;
				INFOPLIST_FILE = BitcoinTests/Info.plist;
				LD_RUNPATH_SEARCH_PATHS = "$(inherited) @executable_path/Frameworks @loader_path/Frameworks";
				PRODUCT_BUNDLE_IDENTIFIER = com.maxgiraldo.BitcoinTests;
				PRODUCT_NAME = "$(TARGET_NAME)";
				SWIFT_VERSION = 4.0;
				TARGETED_DEVICE_FAMILY = "1,2";
				TEST_HOST = "$(BUILT_PRODUCTS_DIR)/Bitcoin.app/Bitcoin";
			};
			name = Release;
		};
		50F57BC41FAE147D00329E12 /* Debug */ = {
			isa = XCBuildConfiguration;
			buildSettings = {
				ALWAYS_EMBED_SWIFT_STANDARD_LIBRARIES = YES;
				CODE_SIGN_STYLE = Automatic;
				DEVELOPMENT_TEAM = 4BD8F9W927;
				INFOPLIST_FILE = BitcoinUITests/Info.plist;
				LD_RUNPATH_SEARCH_PATHS = "$(inherited) @executable_path/Frameworks @loader_path/Frameworks";
				PRODUCT_BUNDLE_IDENTIFIER = com.maxgiraldo.BitcoinUITests;
				PRODUCT_NAME = "$(TARGET_NAME)";
				SWIFT_VERSION = 4.0;
				TARGETED_DEVICE_FAMILY = "1,2";
				TEST_TARGET_NAME = Bitcoin;
			};
			name = Debug;
		};
		50F57BC51FAE147D00329E12 /* Release */ = {
			isa = XCBuildConfiguration;
			buildSettings = {
				ALWAYS_EMBED_SWIFT_STANDARD_LIBRARIES = YES;
				CODE_SIGN_STYLE = Automatic;
				DEVELOPMENT_TEAM = 4BD8F9W927;
				INFOPLIST_FILE = BitcoinUITests/Info.plist;
				LD_RUNPATH_SEARCH_PATHS = "$(inherited) @executable_path/Frameworks @loader_path/Frameworks";
				PRODUCT_BUNDLE_IDENTIFIER = com.maxgiraldo.BitcoinUITests;
				PRODUCT_NAME = "$(TARGET_NAME)";
				SWIFT_VERSION = 4.0;
				TARGETED_DEVICE_FAMILY = "1,2";
				TEST_TARGET_NAME = Bitcoin;
			};
			name = Release;
		};
/* End XCBuildConfiguration section */

/* Begin XCConfigurationList section */
		50F57B901FAE147D00329E12 /* Build configuration list for PBXProject "Bitcoin" */ = {
			isa = XCConfigurationList;
			buildConfigurations = (
				50F57BBB1FAE147D00329E12 /* Debug */,
				50F57BBC1FAE147D00329E12 /* Release */,
			);
			defaultConfigurationIsVisible = 0;
			defaultConfigurationName = Release;
		};
		50F57BBD1FAE147D00329E12 /* Build configuration list for PBXNativeTarget "Bitcoin" */ = {
			isa = XCConfigurationList;
			buildConfigurations = (
				50F57BBE1FAE147D00329E12 /* Debug */,
				50F57BBF1FAE147D00329E12 /* Release */,
			);
			defaultConfigurationIsVisible = 0;
			defaultConfigurationName = Release;
		};
		50F57BC01FAE147D00329E12 /* Build configuration list for PBXNativeTarget "BitcoinTests" */ = {
			isa = XCConfigurationList;
			buildConfigurations = (
				50F57BC11FAE147D00329E12 /* Debug */,
				50F57BC21FAE147D00329E12 /* Release */,
			);
			defaultConfigurationIsVisible = 0;
			defaultConfigurationName = Release;
		};
		50F57BC31FAE147D00329E12 /* Build configuration list for PBXNativeTarget "BitcoinUITests" */ = {
			isa = XCConfigurationList;
			buildConfigurations = (
				50F57BC41FAE147D00329E12 /* Debug */,
				50F57BC51FAE147D00329E12 /* Release */,
			);
			defaultConfigurationIsVisible = 0;
			defaultConfigurationName = Release;
		};
/* End XCConfigurationList section */
	};
	rootObject = 50F57B8D1FAE147D00329E12 /* Project object */;
}
